
Microsoft Visual Studio Solution File, Format Version 12.00
# Visual Studio Version 17
VisualStudioVersion = 17.8.34330.188
MinimumVisualStudioVersion = 10.0.40219.1
Project("{FAE04EC0-301F-11D3-BF4B-00C04F79EFBC}") = "31AI", "31AI.csproj", "{8DE3E09B-BCCD-432A-93FA-77676A8CBBCF}"
EndProject
Global
	GlobalSection(SolutionConfigurationPlatforms) = preSolution
		Debug|Any CPU = Debug|Any CPU
		Release|Any CPU = Release|Any CPU
	EndGlobalSection
	GlobalSection(ProjectConfigurationPlatforms) = postSolution
		{8DE3E09B-BCCD-432A-93FA-77676A8CBBCF}.Debug|Any CPU.ActiveCfg = Debug|Any CPU
		{8DE3E09B-BCCD-432A-93FA-77676A8CBBCF}.Debug|Any CPU.Build.0 = Debug|Any CPU
		{8DE3E09B-BCCD-432A-93FA-77676A8CBBCF}.Release|Any CPU.ActiveCfg = Release|Any CPU
		{8DE3E09B-BCCD-432A-93FA-77676A8CBBCF}.Release|Any CPU.Build.0 = Release|Any CPU
	EndGlobalSection
	GlobalSection(SolutionProperties) = preSolution
		HideSolutionNode = FALSE
	EndGlobalSection
	GlobalSection(ExtensibilityGlobals) = postSolution
		SolutionGuid = {9D840C4D-9E2C-44C2-A4A9-CAE8C093332D}
	EndGlobalSection
EndGlobal
